
Microsoft Visual Studio Solution File, Format Version 12.00
# Visual Studio 2012
Project("{FAE04EC0-301F-11D3-BF4B-00C04F79EFBC}") = "KnifeStore", "KnifeStore\KnifeStore.csproj", "{D7B5B42F-C698-47BE-826C-1580F6CEFE87}"
EndProject
Global
	GlobalSection(SolutionConfigurationPlatforms) = preSolution
		Debug|Any CPU = Debug|Any CPU
		Release|Any CPU = Release|Any CPU
	EndGlobalSection
	GlobalSection(ProjectConfigurationPlatforms) = postSolution
		{D7B5B42F-C698-47BE-826C-1580F6CEFE87}.Debug|Any CPU.ActiveCfg = Debug|Any CPU
		{D7B5B42F-C698-47BE-826C-1580F6CEFE87}.Debug|Any CPU.Build.0 = Debug|Any CPU
		{D7B5B42F-C698-47BE-826C-1580F6CEFE87}.Release|Any CPU.ActiveCfg = Release|Any CPU
		{D7B5B42F-C698-47BE-826C-1580F6CEFE87}.Release|Any CPU.Build.0 = Release|Any CPU
	EndGlobalSection
	GlobalSection(SolutionProperties) = preSolution
		HideSolutionNode = FALSE
	EndGlobalSection
EndGlobal
